
Microsoft Visual Studio Solution File, Format Version 12.00
# Visual Studio Version 17
VisualStudioVersion = 17.4.32804.182
MinimumVisualStudioVersion = 10.0.40219.1
Project("{FAE04EC0-301F-11D3-BF4B-00C04F79EFBC}") = "BlueYaml", "BlueYaml.csproj", "{B7212CF2-F4C5-4C3A-B5A4-EF9D27A77AD0}"
EndProject
Project("{FAE04EC0-301F-11D3-BF4B-00C04F79EFBC}") = "BlueYamlTesting", "..\BlueYamlTesting\BlueYamlTesting.csproj", "{B446DB2C-2E81-41DE-91EA-368B09884601}"
EndProject
Global
	GlobalSection(SolutionConfigurationPlatforms) = preSolution
		Debug|Any CPU = Debug|Any CPU
		Release|Any CPU = Release|Any CPU
	EndGlobalSection
	GlobalSection(ProjectConfigurationPlatforms) = postSolution
		{B7212CF2-F4C5-4C3A-B5A4-EF9D27A77AD0}.Debug|Any CPU.ActiveCfg = Debug|Any CPU
		{B7212CF2-F4C5-4C3A-B5A4-EF9D27A77AD0}.Debug|Any CPU.Build.0 = Debug|Any CPU
		{B7212CF2-F4C5-4C3A-B5A4-EF9D27A77AD0}.Release|Any CPU.ActiveCfg = Release|Any CPU
		{B7212CF2-F4C5-4C3A-B5A4-EF9D27A77AD0}.Release|Any CPU.Build.0 = Release|Any CPU
		{B446DB2C-2E81-41DE-91EA-368B09884601}.Debug|Any CPU.ActiveCfg = Debug|Any CPU
		{B446DB2C-2E81-41DE-91EA-368B09884601}.Debug|Any CPU.Build.0 = Debug|Any CPU
		{B446DB2C-2E81-41DE-91EA-368B09884601}.Release|Any CPU.ActiveCfg = Release|Any CPU
		{B446DB2C-2E81-41DE-91EA-368B09884601}.Release|Any CPU.Build.0 = Release|Any CPU
	EndGlobalSection
	GlobalSection(SolutionProperties) = preSolution
		HideSolutionNode = FALSE
	EndGlobalSection
	GlobalSection(ExtensibilityGlobals) = postSolution
		SolutionGuid = {ED182DE0-380D-4C6A-B924-7032803F9D94}
	EndGlobalSection
EndGlobal
